
Microsoft Visual Studio Solution File, Format Version 12.00
# Visual Studio Version 16
VisualStudioVersion = 25.0.1705.7
MinimumVisualStudioVersion = 10.0.40219.1
Project("{FAE04EC0-301F-11D3-BF4B-00C04F79EFBC}") = "PokemonReviewApp", "PokemonReviewApp\PokemonReviewApp.csproj", "{6E4B80C6-D3F8-4BD1-832A-99057928A0DC}"
EndProject
Global
	GlobalSection(SolutionConfigurationPlatforms) = preSolution
		Debug|Any CPU = Debug|Any CPU
		Release|Any CPU = Release|Any CPU
	EndGlobalSection
	GlobalSection(ProjectConfigurationPlatforms) = postSolution
		{6E4B80C6-D3F8-4BD1-832A-99057928A0DC}.Debug|Any CPU.ActiveCfg = Debug|Any CPU
		{6E4B80C6-D3F8-4BD1-832A-99057928A0DC}.Debug|Any CPU.Build.0 = Debug|Any CPU
		{6E4B80C6-D3F8-4BD1-832A-99057928A0DC}.Release|Any CPU.ActiveCfg = Release|Any CPU
		{6E4B80C6-D3F8-4BD1-832A-99057928A0DC}.Release|Any CPU.Build.0 = Release|Any CPU
	EndGlobalSection
	GlobalSection(SolutionProperties) = preSolution
		HideSolutionNode = FALSE
	EndGlobalSection
	GlobalSection(ExtensibilityGlobals) = postSolution
		SolutionGuid = {7DBD23F5-737B-4E90-B766-D2BCB4D49D92}
	EndGlobalSection
EndGlobal
